// !$*UTF8*$!
{
	archiveVersion = 1;
	classes = {
	};
	objectVersion = 60;
	objects = {

/* Begin PBXBuildFile section */
		7411D1462EE178D90012F71D /* Assets.xcassets in Resources */ = {isa = PBXBuildFile; fileRef = 7411D13B2EE178D90012F71D /* Assets.xcassets */; };
		7411D1492EE178D90012F71D /* LaunchScreen.storyboard in Resources */ = {isa = PBXBuildFile; fileRef = 7411D1402EE178D90012F71D /* LaunchScreen.storyboard */; };
		7411D14A2EE178D90012F71D /* Main.storyboard in Resources */ = {isa = PBXBuildFile; fileRef = 7411D1422EE178D90012F71D /* Main.storyboard */; };
		7411D14B2EE178D90012F71D /* ResultRow.swift in Sources */ = {isa = PBXBuildFile; fileRef = 7411D1122EE178D90012F71D /* ResultRow.swift */; };
		7411D14C2EE178D90012F71D /* Achievement.swift in Sources */ = {isa = PBXBuildFile; fileRef = 7411D1142EE178D90012F71D /* Achievement.swift */; };
		7411D14D2EE178D90012F71D /* AchievementManager.swift in Sources */ = {isa = PBXBuildFile; fileRef = 7411D1152EE178D90012F71D /* AchievementManager.swift */; };
		7411D14E2EE178D90012F71D /* AchivmentView.swift in Sources */ = {isa = PBXBuildFile; fileRef = 7411D1172EE178D90012F71D /* AchivmentView.swift */; };
		7411D1532EE178D90012F71D /* MainView.swift in Sources */ = {isa = PBXBuildFile; fileRef = 7411D11E2EE178D90012F71D /* MainView.swift */; };
		7411D1542EE178D90012F71D /* Card.swift in Sources */ = {isa = PBXBuildFile; fileRef = 7411D1202EE178D90012F71D /* Card.swift */; };
		7411D1552EE178D90012F71D /* ImagesCrads.swift in Sources */ = {isa = PBXBuildFile; fileRef = 7411D1212EE178D90012F71D /* ImagesCrads.swift */; };
		7411D1562EE178D90012F71D /* MatchLevel.swift in Sources */ = {isa = PBXBuildFile; fileRef = 7411D1222EE178D90012F71D /* MatchLevel.swift */; };
		7411D1572EE178D90012F71D /* MatchLevelData.swift in Sources */ = {isa = PBXBuildFile; fileRef = 7411D1232EE178D90012F71D /* MatchLevelData.swift */; };
		7411D1582EE178D90012F71D /* ProgressManager.swift in Sources */ = {isa = PBXBuildFile; fileRef = 7411D1242EE178D90012F71D /* ProgressManager.swift */; };
		7411D1592EE178D90012F71D /* ImageGuessViewModel.swift in Sources */ = {isa = PBXBuildFile; fileRef = 7411D1262EE178D90012F71D /* ImageGuessViewModel.swift */; };
		7411D15A2EE178D90012F71D /* MatchGameViewModel.swift in Sources */ = {isa = PBXBuildFile; fileRef = 7411D1272EE178D90012F71D /* MatchGameViewModel.swift */; };
		7411D15B2EE178D90012F71D /* CardView.swift in Sources */ = {isa = PBXBuildFile; fileRef = 7411D1292EE178D90012F71D /* CardView.swift */; };
		7411D15C2EE178D90012F71D /* LevelSelectionView.swift in Sources */ = {isa = PBXBuildFile; fileRef = 7411D12A2EE178D90012F71D /* LevelSelectionView.swift */; };
		7411D15D2EE178D90012F71D /* MatchGameView.swift in Sources */ = {isa = PBXBuildFile; fileRef = 7411D12B2EE178D90012F71D /* MatchGameView.swift */; };
		7411D15E2EE178D90012F71D /* WinMatchView.swift in Sources */ = {isa = PBXBuildFile; fileRef = 7411D12C2EE178D90012F71D /* WinMatchView.swift */; };
		7411D15F2EE178D90012F71D /* FindMatchView.swift in Sources */ = {isa = PBXBuildFile; fileRef = 7411D12E2EE178D90012F71D /* FindMatchView.swift */; };
		7411D1602EE178D90012F71D /* GalacticQuizView.swift in Sources */ = {isa = PBXBuildFile; fileRef = 7411D12F2EE178D90012F71D /* GalacticQuizView.swift */; };
		7411D1612EE178D90012F71D /* ImageGuessView.swift in Sources */ = {isa = PBXBuildFile; fileRef = 7411D1302EE178D90012F71D /* ImageGuessView.swift */; };
		7411D1622EE178D90012F71D /* PlayView.swift in Sources */ = {isa = PBXBuildFile; fileRef = 7411D1312EE178D90012F71D /* PlayView.swift */; };
		7411D1632EE178D90012F71D /* GameStatisticsManager.swift in Sources */ = {isa = PBXBuildFile; fileRef = 7411D1332EE178D90012F71D /* GameStatisticsManager.swift */; };
		7411D1642EE178D90012F71D /* InfoView.swift in Sources */ = {isa = PBXBuildFile; fileRef = 7411D1352EE178D90012F71D /* InfoView.swift */; };
		7411D1652EE178D90012F71D /* ResultView.swift in Sources */ = {isa = PBXBuildFile; fileRef = 7411D1362EE178D90012F71D /* ResultView.swift */; };
		7411D1662EE178D90012F71D /* SettingsView.swift in Sources */ = {isa = PBXBuildFile; fileRef = 7411D1372EE178D90012F71D /* SettingsView.swift */; };
		7411D1672EE178D90012F71D /* AppDelegate.swift in Sources */ = {isa = PBXBuildFile; fileRef = 7411D13A2EE178D90012F71D /* AppDelegate.swift */; };
		7411D1682EE178D90012F71D /* ContentView.swift in Sources */ = {isa = PBXBuildFile; fileRef = 7411D13C2EE178D90012F71D /* ContentView.swift */; };
		7411D1692EE178D90012F71D /* SceneDelegate.swift in Sources */ = {isa = PBXBuildFile; fileRef = 7411D1432EE178D90012F71D /* SceneDelegate.swift */; };
		7411D16A2EE178D90012F71D /* ViewController.swift in Sources */ = {isa = PBXBuildFile; fileRef = 7411D1442EE178D90012F71D /* ViewController.swift */; };
/* End PBXBuildFile section */

/* Begin PBXFileReference section */
		0566C0D701628B62545116EF /* Pods-GalacticRoad.release.xcconfig */ = {isa = PBXFileReference; includeInIndex = 1; lastKnownFileType = text.xcconfig; name = "Pods-GalacticRoad.release.xcconfig"; path = "Target Support Files/Pods-GalacticRoad/Pods-GalacticRoad.release.xcconfig"; sourceTree = "<group>"; };
		552D723A2551C4E50CD4AE5D /* Pods_GalacticRoad.framework */ = {isa = PBXFileReference; explicitFileType = wrapper.framework; includeInIndex = 0; path = Pods_GalacticRoad.framework; sourceTree = BUILT_PRODUCTS_DIR; };
		6BCCED353D666512E6760CE8 /* Pods-GalacticRoad.debug.xcconfig */ = {isa = PBXFileReference; includeInIndex = 1; lastKnownFileType = text.xcconfig; name = "Pods-GalacticRoad.debug.xcconfig"; path = "Target Support Files/Pods-GalacticRoad/Pods-GalacticRoad.debug.xcconfig"; sourceTree = "<group>"; };
		740F2C0A2EDD9E5100376232 /* GalacticRoad.app */ = {isa = PBXFileReference; explicitFileType = wrapper.application; includeInIndex = 0; path = GalacticRoad.app; sourceTree = BUILT_PRODUCTS_DIR; };
		7411D1122EE178D90012F71D /* ResultRow.swift */ = {isa = PBXFileReference; lastKnownFileType = sourcecode.swift; path = ResultRow.swift; sourceTree = "<group>"; };
		7411D1142EE178D90012F71D /* Achievement.swift */ = {isa = PBXFileReference; lastKnownFileType = sourcecode.swift; path = Achievement.swift; sourceTree = "<group>"; };
		7411D1152EE178D90012F71D /* AchievementManager.swift */ = {isa = PBXFileReference; lastKnownFileType = sourcecode.swift; path = AchievementManager.swift; sourceTree = "<group>"; };
		7411D1172EE178D90012F71D /* AchivmentView.swift */ = {isa = PBXFileReference; lastKnownFileType = sourcecode.swift; path = AchivmentView.swift; sourceTree = "<group>"; };
		7411D11E2EE178D90012F71D /* MainView.swift */ = {isa = PBXFileReference; lastKnownFileType = sourcecode.swift; path = MainView.swift; sourceTree = "<group>"; };
		7411D1202EE178D90012F71D /* Card.swift */ = {isa = PBXFileReference; lastKnownFileType = sourcecode.swift; path = Card.swift; sourceTree = "<group>"; };
		7411D1212EE178D90012F71D /* ImagesCrads.swift */ = {isa = PBXFileReference; lastKnownFileType = sourcecode.swift; path = ImagesCrads.swift; sourceTree = "<group>"; };
		7411D1222EE178D90012F71D /* MatchLevel.swift */ = {isa = PBXFileReference; lastKnownFileType = sourcecode.swift; path = MatchLevel.swift; sourceTree = "<group>"; };
		7411D1232EE178D90012F71D /* MatchLevelData.swift */ = {isa = PBXFileReference; lastKnownFileType = sourcecode.swift; path = MatchLevelData.swift; sourceTree = "<group>"; };
		7411D1242EE178D90012F71D /* ProgressManager.swift */ = {isa = PBXFileReference; lastKnownFileType = sourcecode.swift; path = ProgressManager.swift; sourceTree = "<group>"; };
		7411D1262EE178D90012F71D /* ImageGuessViewModel.swift */ = {isa = PBXFileReference; lastKnownFileType = sourcecode.swift; path = ImageGuessViewModel.swift; sourceTree = "<group>"; };
		7411D1272EE178D90012F71D /* MatchGameViewModel.swift */ = {isa = PBXFileReference; lastKnownFileType = sourcecode.swift; path = MatchGameViewModel.swift; sourceTree = "<group>"; };
		7411D1292EE178D90012F71D /* CardView.swift */ = {isa = PBXFileReference; lastKnownFileType = sourcecode.swift; path = CardView.swift; sourceTree = "<group>"; };
		7411D12A2EE178D90012F71D /* LevelSelectionView.swift */ = {isa = PBXFileReference; lastKnownFileType = sourcecode.swift; path = LevelSelectionView.swift; sourceTree = "<group>"; };
		7411D12B2EE178D90012F71D /* MatchGameView.swift */ = {isa = PBXFileReference; lastKnownFileType = sourcecode.swift; path = MatchGameView.swift; sourceTree = "<group>"; };
		7411D12C2EE178D90012F71D /* WinMatchView.swift */ = {isa = PBXFileReference; lastKnownFileType = sourcecode.swift; path = WinMatchView.swift; sourceTree = "<group>"; };
		7411D12E2EE178D90012F71D /* FindMatchView.swift */ = {isa = PBXFileReference; lastKnownFileType = sourcecode.swift; path = FindMatchView.swift; sourceTree = "<group>"; };
		7411D12F2EE178D90012F71D /* GalacticQuizView.swift */ = {isa = PBXFileReference; lastKnownFileType = sourcecode.swift; path = GalacticQuizView.swift; sourceTree = "<group>"; };
		7411D1302EE178D90012F71D /* ImageGuessView.swift */ = {isa = PBXFileReference; lastKnownFileType = sourcecode.swift; path = ImageGuessView.swift; sourceTree = "<group>"; };
		7411D1312EE178D90012F71D /* PlayView.swift */ = {isa = PBXFileReference; lastKnownFileType = sourcecode.swift; path = PlayView.swift; sourceTree = "<group>"; };
		7411D1332EE178D90012F71D /* GameStatisticsManager.swift */ = {isa = PBXFileReference; lastKnownFileType = sourcecode.swift; path = GameStatisticsManager.swift; sourceTree = "<group>"; };
		7411D1352EE178D90012F71D /* InfoView.swift */ = {isa = PBXFileReference; lastKnownFileType = sourcecode.swift; path = InfoView.swift; sourceTree = "<group>"; };
		7411D1362EE178D90012F71D /* ResultView.swift */ = {isa = PBXFileReference; lastKnownFileType = sourcecode.swift; path = ResultView.swift; sourceTree = "<group>"; };
		7411D1372EE178D90012F71D /* SettingsView.swift */ = {isa = PBXFileReference; lastKnownFileType = sourcecode.swift; path = SettingsView.swift; sourceTree = "<group>"; };
		7411D13A2EE178D90012F71D /* AppDelegate.swift */ = {isa = PBXFileReference; lastKnownFileType = sourcecode.swift; path = AppDelegate.swift; sourceTree = "<group>"; };
		7411D13B2EE178D90012F71D /* Assets.xcassets */ = {isa = PBXFileReference; lastKnownFileType = folder.assetcatalog; path = Assets.xcassets; sourceTree = "<group>"; };
		7411D13C2EE178D90012F71D /* ContentView.swift */ = {isa = PBXFileReference; lastKnownFileType = sourcecode.swift; path = ContentView.swift; sourceTree = "<group>"; };
		7411D13E2EE178D90012F71D /* Info.plist */ = {isa = PBXFileReference; lastKnownFileType = text.plist.xml; path = Info.plist; sourceTree = "<group>"; };
		7411D13F2EE178D90012F71D /* Base */ = {isa = PBXFileReference; lastKnownFileType = file.storyboard; name = Base; path = Base.lproj/LaunchScreen.storyboard; sourceTree = "<group>"; };
		7411D1412EE178D90012F71D /* Base */ = {isa = PBXFileReference; lastKnownFileType = file.storyboard; name = Base; path = Base.lproj/Main.storyboard; sourceTree = "<group>"; };
		7411D1432EE178D90012F71D /* SceneDelegate.swift */ = {isa = PBXFileReference; lastKnownFileType = sourcecode.swift; path = SceneDelegate.swift; sourceTree = "<group>"; };
		7411D1442EE178D90012F71D /* ViewController.swift */ = {isa = PBXFileReference; lastKnownFileType = sourcecode.swift; path = ViewController.swift; sourceTree = "<group>"; };
/* End PBXFileReference section */

/* Begin PBXFrameworksBuildPhase section */
		740F2C072EDD9E5100376232 /* Frameworks */ = {
			isa = PBXFrameworksBuildPhase;
			buildActionMask = 2147483647;
			files = (
			);
			runOnlyForDeploymentPostprocessing = 0;
		};
/* End PBXFrameworksBuildPhase section */

/* Begin PBXGroup section */
		6B7B8D75C56704DB95A99E49 /* Frameworks */ = {
			isa = PBXGroup;
			children = (
				552D723A2551C4E50CD4AE5D /* Pods_GalacticRoad.framework */,
			);
			name = Frameworks;
			sourceTree = "<group>";
		};
		6C9C064895201ED62404DAD9 /* Pods */ = {
			isa = PBXGroup;
			children = (
				6BCCED353D666512E6760CE8 /* Pods-GalacticRoad.debug.xcconfig */,
				0566C0D701628B62545116EF /* Pods-GalacticRoad.release.xcconfig */,
			);
			path = Pods;
			sourceTree = "<group>";
		};
		740F2C012EDD9E5100376232 = {
			isa = PBXGroup;
			children = (
				7411D1452EE178D90012F71D /* GalacticRoad */,
				740F2C0B2EDD9E5100376232 /* Products */,
				6C9C064895201ED62404DAD9 /* Pods */,
				6B7B8D75C56704DB95A99E49 /* Frameworks */,
			);
			sourceTree = "<group>";
		};
		740F2C0B2EDD9E5100376232 /* Products */ = {
			isa = PBXGroup;
			children = (
				740F2C0A2EDD9E5100376232 /* GalacticRoad.app */,
			);
			name = Products;
			sourceTree = "<group>";
		};
		7411D1132EE178D90012F71D /* Helpers */ = {
			isa = PBXGroup;
			children = (
				7411D1122EE178D90012F71D /* ResultRow.swift */,
			);
			path = Helpers;
			sourceTree = "<group>";
		};
		7411D1162EE178D90012F71D /* Models */ = {
			isa = PBXGroup;
			children = (
				7411D1142EE178D90012F71D /* Achievement.swift */,
				7411D1152EE178D90012F71D /* AchievementManager.swift */,
			);
			path = Models;
			sourceTree = "<group>";
		};
		7411D1182EE178D90012F71D /* Achivment */ = {
			isa = PBXGroup;
			children = (
				7411D1162EE178D90012F71D /* Models */,
				7411D1172EE178D90012F71D /* AchivmentView.swift */,
			);
			path = Achivment;
			sourceTree = "<group>";
		};
		7411D11F2EE178D90012F71D /* Main */ = {
			isa = PBXGroup;
			children = (
				7411D11E2EE178D90012F71D /* MainView.swift */,
			);
			path = Main;
			sourceTree = "<group>";
		};
		7411D1252EE178D90012F71D /* Models */ = {
			isa = PBXGroup;
			children = (
				7411D1202EE178D90012F71D /* Card.swift */,
				7411D1212EE178D90012F71D /* ImagesCrads.swift */,
				7411D1222EE178D90012F71D /* MatchLevel.swift */,
				7411D1232EE178D90012F71D /* MatchLevelData.swift */,
				7411D1242EE178D90012F71D /* ProgressManager.swift */,
			);
			path = Models;
			sourceTree = "<group>";
		};
		7411D1282EE178D90012F71D /* ViewModels */ = {
			isa = PBXGroup;
			children = (
				7411D1262EE178D90012F71D /* ImageGuessViewModel.swift */,
				7411D1272EE178D90012F71D /* MatchGameViewModel.swift */,
			);
			path = ViewModels;
			sourceTree = "<group>";
		};
		7411D12D2EE178D90012F71D /* Views */ = {
			isa = PBXGroup;
			children = (
				7411D1292EE178D90012F71D /* CardView.swift */,
				7411D12A2EE178D90012F71D /* LevelSelectionView.swift */,
				7411D12B2EE178D90012F71D /* MatchGameView.swift */,
				7411D12C2EE178D90012F71D /* WinMatchView.swift */,
			);
			path = Views;
			sourceTree = "<group>";
		};
		7411D1322EE178D90012F71D /* Play */ = {
			isa = PBXGroup;
			children = (
				7411D1252EE178D90012F71D /* Models */,
				7411D1282EE178D90012F71D /* ViewModels */,
				7411D12D2EE178D90012F71D /* Views */,
				7411D12E2EE178D90012F71D /* FindMatchView.swift */,
				7411D12F2EE178D90012F71D /* GalacticQuizView.swift */,
				7411D1302EE178D90012F71D /* ImageGuessView.swift */,
				7411D1312EE178D90012F71D /* PlayView.swift */,
			);
			path = Play;
			sourceTree = "<group>";
		};
		7411D1342EE178D90012F71D /* Models */ = {
			isa = PBXGroup;
			children = (
				7411D1332EE178D90012F71D /* GameStatisticsManager.swift */,
			);
			path = Models;
			sourceTree = "<group>";
		};
		7411D1382EE178D90012F71D /* Settings */ = {
			isa = PBXGroup;
			children = (
				7411D1342EE178D90012F71D /* Models */,
				7411D1352EE178D90012F71D /* InfoView.swift */,
				7411D1362EE178D90012F71D /* ResultView.swift */,
				7411D1372EE178D90012F71D /* SettingsView.swift */,
			);
			path = Settings;
			sourceTree = "<group>";
		};
		7411D1392EE178D90012F71D /* Screens */ = {
			isa = PBXGroup;
			children = (
				7411D1182EE178D90012F71D /* Achivment */,
				7411D11F2EE178D90012F71D /* Main */,
				7411D1322EE178D90012F71D /* Play */,
				7411D1382EE178D90012F71D /* Settings */,
			);
			path = Screens;
			sourceTree = "<group>";
		};
		7411D1452EE178D90012F71D /* GalacticRoad */ = {
			isa = PBXGroup;
			children = (
				7411D1132EE178D90012F71D /* Helpers */,
				7411D1392EE178D90012F71D /* Screens */,
				7411D13A2EE178D90012F71D /* AppDelegate.swift */,
				7411D13B2EE178D90012F71D /* Assets.xcassets */,
				7411D13C2EE178D90012F71D /* ContentView.swift */,
				7411D13E2EE178D90012F71D /* Info.plist */,
				7411D1402EE178D90012F71D /* LaunchScreen.storyboard */,
				7411D1422EE178D90012F71D /* Main.storyboard */,
				7411D1432EE178D90012F71D /* SceneDelegate.swift */,
				7411D1442EE178D90012F71D /* ViewController.swift */,
			);
			path = GalacticRoad;
			sourceTree = "<group>";
		};
/* End PBXGroup section */

/* Begin PBXNativeTarget section */
		740F2C092EDD9E5100376232 /* GalacticRoad */ = {
			isa = PBXNativeTarget;
			buildConfigurationList = 740F2C1D2EDD9E5200376232 /* Build configuration list for PBXNativeTarget "GalacticRoad" */;
			buildPhases = (
				C84BAA9A90FA02FD42C16CC7 /* [CP] Check Pods Manifest.lock */,
				740F2C062EDD9E5100376232 /* Sources */,
				740F2C072EDD9E5100376232 /* Frameworks */,
				740F2C082EDD9E5100376232 /* Resources */,
			);
			buildRules = (
			);
			dependencies = (
			);
			name = GalacticRoad;
			productName = GalacticRoad;
			productReference = 740F2C0A2EDD9E5100376232 /* GalacticRoad.app */;
			productType = "com.apple.product-type.application";
		};
/* End PBXNativeTarget section */

/* Begin PBXProject section */
		740F2C022EDD9E5100376232 /* Project object */ = {
			isa = PBXProject;
			attributes = {
				BuildIndependentTargetsInParallel = 1;
				LastSwiftUpdateCheck = 2600;
				LastUpgradeCheck = 2600;
				TargetAttributes = {
					740F2C092EDD9E5100376232 = {
						CreatedOnToolsVersion = 26.0;
					};
				};
			};
			buildConfigurationList = 740F2C052EDD9E5100376232 /* Build configuration list for PBXProject "GalacticRoad" */;
			compatibilityVersion = "Xcode 15.0";
			developmentRegion = en;
			hasScannedForEncodings = 0;
			knownRegions = (
				en,
				Base,
			);
			mainGroup = 740F2C012EDD9E5100376232;
			packageReferences = (
			);
			productRefGroup = 740F2C0B2EDD9E5100376232 /* Products */;
			projectDirPath = "";
			projectRoot = "";
			targets = (
				740F2C092EDD9E5100376232 /* GalacticRoad */,
			);
		};
/* End PBXProject section */

/* Begin PBXResourcesBuildPhase section */
		740F2C082EDD9E5100376232 /* Resources */ = {
			isa = PBXResourcesBuildPhase;
			buildActionMask = 2147483647;
			files = (
				7411D1462EE178D90012F71D /* Assets.xcassets in Resources */,
				7411D1492EE178D90012F71D /* LaunchScreen.storyboard in Resources */,
				7411D14A2EE178D90012F71D /* Main.storyboard in Resources */,
			);
			runOnlyForDeploymentPostprocessing = 0;
		};
/* End PBXResourcesBuildPhase section */

/* Begin PBXShellScriptBuildPhase section */
		C84BAA9A90FA02FD42C16CC7 /* [CP] Check Pods Manifest.lock */ = {
			isa = PBXShellScriptBuildPhase;
			buildActionMask = 2147483647;
			files = (
			);
			inputFileListPaths = (
			);
			inputPaths = (
				"${PODS_PODFILE_DIR_PATH}/Podfile.lock",
				"${PODS_ROOT}/Manifest.lock",
			);
			name = "[CP] Check Pods Manifest.lock";
			outputFileListPaths = (
			);
			outputPaths = (
				"$(DERIVED_FILE_DIR)/Pods-GalacticRoad-checkManifestLockResult.txt",
			);
			runOnlyForDeploymentPostprocessing = 0;
			shellPath = /bin/sh;
			shellScript = "diff \"${PODS_PODFILE_DIR_PATH}/Podfile.lock\" \"${PODS_ROOT}/Manifest.lock\" > /dev/null\nif [ $? != 0 ] ; then\n    # print error to STDERR\n    echo \"error: The sandbox is not in sync with the Podfile.lock. Run 'pod install' or update your CocoaPods installation.\" >&2\n    exit 1\nfi\n# This output is used by Xcode 'outputs' to avoid re-running this script phase.\necho \"SUCCESS\" > \"${SCRIPT_OUTPUT_FILE_0}\"\n";
			showEnvVarsInLog = 0;
		};
/* End PBXShellScriptBuildPhase section */

/* Begin PBXSourcesBuildPhase section */
		740F2C062EDD9E5100376232 /* Sources */ = {
			isa = PBXSourcesBuildPhase;
			buildActionMask = 2147483647;
			files = (
				7411D14B2EE178D90012F71D /* ResultRow.swift in Sources */,
				7411D14C2EE178D90012F71D /* Achievement.swift in Sources */,
				7411D14D2EE178D90012F71D /* AchievementManager.swift in Sources */,
				7411D14E2EE178D90012F71D /* AchivmentView.swift in Sources */,
				7411D1532EE178D90012F71D /* MainView.swift in Sources */,
				7411D1542EE178D90012F71D /* Card.swift in Sources */,
				7411D1552EE178D90012F71D /* ImagesCrads.swift in Sources */,
				7411D1562EE178D90012F71D /* MatchLevel.swift in Sources */,
				7411D1572EE178D90012F71D /* MatchLevelData.swift in Sources */,
				7411D1582EE178D90012F71D /* ProgressManager.swift in Sources */,
				7411D1592EE178D90012F71D /* ImageGuessViewModel.swift in Sources */,
				7411D15A2EE178D90012F71D /* MatchGameViewModel.swift in Sources */,
				7411D15B2EE178D90012F71D /* CardView.swift in Sources */,
				7411D15C2EE178D90012F71D /* LevelSelectionView.swift in Sources */,
				7411D15D2EE178D90012F71D /* MatchGameView.swift in Sources */,
				7411D15E2EE178D90012F71D /* WinMatchView.swift in Sources */,
				7411D15F2EE178D90012F71D /* FindMatchView.swift in Sources */,
				7411D1602EE178D90012F71D /* GalacticQuizView.swift in Sources */,
				7411D1612EE178D90012F71D /* ImageGuessView.swift in Sources */,
				7411D1622EE178D90012F71D /* PlayView.swift in Sources */,
				7411D1632EE178D90012F71D /* GameStatisticsManager.swift in Sources */,
				7411D1642EE178D90012F71D /* InfoView.swift in Sources */,
				7411D1652EE178D90012F71D /* ResultView.swift in Sources */,
				7411D1662EE178D90012F71D /* SettingsView.swift in Sources */,
				7411D1672EE178D90012F71D /* AppDelegate.swift in Sources */,
				7411D1682EE178D90012F71D /* ContentView.swift in Sources */,
				7411D1692EE178D90012F71D /* SceneDelegate.swift in Sources */,
				7411D16A2EE178D90012F71D /* ViewController.swift in Sources */,
			);
			runOnlyForDeploymentPostprocessing = 0;
		};
/* End PBXSourcesBuildPhase section */

/* Begin PBXVariantGroup section */
		7411D1402EE178D90012F71D /* LaunchScreen.storyboard */ = {
			isa = PBXVariantGroup;
			children = (
				7411D13F2EE178D90012F71D /* Base */,
			);
			name = LaunchScreen.storyboard;
			sourceTree = "<group>";
		};
		7411D1422EE178D90012F71D /* Main.storyboard */ = {
			isa = PBXVariantGroup;
			children = (
				7411D1412EE178D90012F71D /* Base */,
			);
			name = Main.storyboard;
			sourceTree = "<group>";
		};
/* End PBXVariantGroup section */

/* Begin XCBuildConfiguration section */
		740F2C1E2EDD9E5200376232 /* Debug */ = {
			isa = XCBuildConfiguration;
			baseConfigurationReference = 6BCCED353D666512E6760CE8 /* Pods-GalacticRoad.debug.xcconfig */;
			buildSettings = {
				ASSETCATALOG_COMPILER_APPICON_NAME = AppIcon;
				ASSETCATALOG_COMPILER_GLOBAL_ACCENT_COLOR_NAME = AccentColor;
				CODE_SIGN_STYLE = Automatic;
				CURRENT_PROJECT_VERSION = 2;
				GENERATE_INFOPLIST_FILE = YES;
				INFOPLIST_FILE = GalacticRoad/Info.plist;
				INFOPLIST_KEY_UIApplicationSupportsIndirectInputEvents = YES;
				INFOPLIST_KEY_UILaunchStoryboardName = LaunchScreen;
				INFOPLIST_KEY_UIMainStoryboardFile = Main;
				INFOPLIST_KEY_UISupportedInterfaceOrientations = UIInterfaceOrientationPortrait;
				INFOPLIST_KEY_UISupportedInterfaceOrientations_iPad = "UIInterfaceOrientationLandscapeLeft UIInterfaceOrientationLandscapeRight UIInterfaceOrientationPortrait UIInterfaceOrientationPortraitUpsideDown";
				IPHONEOS_DEPLOYMENT_TARGET = 16.6;
				LD_RUNPATH_SEARCH_PATHS = (
					"$(inherited)",
					"@executable_path/Frameworks",
				);
				MARKETING_VERSION = 1.0;
				PRODUCT_BUNDLE_IDENTIFIER = com.ali.g4l4ctr05d;
				PRODUCT_NAME = "$(TARGET_NAME)";
				STRING_CATALOG_GENERATE_SYMBOLS = YES;
				SUPPORTED_PLATFORMS = "iphoneos iphonesimulator";
				SUPPORTS_MACCATALYST = NO;
				SUPPORTS_MAC_DESIGNED_FOR_IPHONE_IPAD = NO;
				SUPPORTS_XR_DESIGNED_FOR_IPHONE_IPAD = NO;
				SWIFT_APPROACHABLE_CONCURRENCY = YES;
				SWIFT_DEFAULT_ACTOR_ISOLATION = MainActor;
				SWIFT_EMIT_LOC_STRINGS = YES;
				SWIFT_UPCOMING_FEATURE_MEMBER_IMPORT_VISIBILITY = YES;
				SWIFT_VERSION = 5.0;
				TARGETED_DEVICE_FAMILY = 1;
			};
			name = Debug;
		};
		740F2C1F2EDD9E5200376232 /* Release */ = {
			isa = XCBuildConfiguration;
			baseConfigurationReference = 0566C0D701628B62545116EF /* Pods-GalacticRoad.release.xcconfig */;
			buildSettings = {
				ASSETCATALOG_COMPILER_APPICON_NAME = AppIcon;
				ASSETCATALOG_COMPILER_GLOBAL_ACCENT_COLOR_NAME = AccentColor;
				CODE_SIGN_STYLE = Automatic;
				CURRENT_PROJECT_VERSION = 2;
				GENERATE_INFOPLIST_FILE = YES;
				INFOPLIST_FILE = GalacticRoad/Info.plist;
				INFOPLIST_KEY_UIApplicationSupportsIndirectInputEvents = YES;
				INFOPLIST_KEY_UILaunchStoryboardName = LaunchScreen;
				INFOPLIST_KEY_UIMainStoryboardFile = Main;
				INFOPLIST_KEY_UISupportedInterfaceOrientations = UIInterfaceOrientationPortrait;
				INFOPLIST_KEY_UISupportedInterfaceOrientations_iPad = "UIInterfaceOrientationLandscapeLeft UIInterfaceOrientationLandscapeRight UIInterfaceOrientationPortrait UIInterfaceOrientationPortraitUpsideDown";
				IPHONEOS_DEPLOYMENT_TARGET = 16.6;
				LD_RUNPATH_SEARCH_PATHS = (
					"$(inherited)",
					"@executable_path/Frameworks",
				);
				MARKETING_VERSION = 1.0;
				PRODUCT_BUNDLE_IDENTIFIER = com.ali.g4l4ctr05d;
				PRODUCT_NAME = "$(TARGET_NAME)";
				STRING_CATALOG_GENERATE_SYMBOLS = YES;
				SUPPORTED_PLATFORMS = "iphoneos iphonesimulator";
				SUPPORTS_MACCATALYST = NO;
				SUPPORTS_MAC_DESIGNED_FOR_IPHONE_IPAD = NO;
				SUPPORTS_XR_DESIGNED_FOR_IPHONE_IPAD = NO;
				SWIFT_APPROACHABLE_CONCURRENCY = YES;
				SWIFT_DEFAULT_ACTOR_ISOLATION = MainActor;
				SWIFT_EMIT_LOC_STRINGS = YES;
				SWIFT_UPCOMING_FEATURE_MEMBER_IMPORT_VISIBILITY = YES;
				SWIFT_VERSION = 5.0;
				TARGETED_DEVICE_FAMILY = 1;
			};
			name = Release;
		};
		740F2C202EDD9E5200376232 /* Debug */ = {
			isa = XCBuildConfiguration;
			buildSettings = {
				ALWAYS_SEARCH_USER_PATHS = NO;
				ASSETCATALOG_COMPILER_GENERATE_SWIFT_ASSET_SYMBOL_EXTENSIONS = YES;
				CLANG_ANALYZER_NONNULL = YES;
				CLANG_ANALYZER_NUMBER_OBJECT_CONVERSION = YES_AGGRESSIVE;
				CLANG_CXX_LANGUAGE_STANDARD = "gnu++20";
				CLANG_ENABLE_MODULES = YES;
				CLANG_ENABLE_OBJC_ARC = YES;
				CLANG_ENABLE_OBJC_WEAK = YES;
				CLANG_WARN_BLOCK_CAPTURE_AUTORELEASING = YES;
				CLANG_WARN_BOOL_CONVERSION = YES;
				CLANG_WARN_COMMA = YES;
				CLANG_WARN_CONSTANT_CONVERSION = YES;
				CLANG_WARN_DEPRECATED_OBJC_IMPLEMENTATIONS = YES;
				CLANG_WARN_DIRECT_OBJC_ISA_USAGE = YES_ERROR;
				CLANG_WARN_DOCUMENTATION_COMMENTS = YES;
				CLANG_WARN_EMPTY_BODY = YES;
				CLANG_WARN_ENUM_CONVERSION = YES;
				CLANG_WARN_INFINITE_RECURSION = YES;
				CLANG_WARN_INT_CONVERSION = YES;
				CLANG_WARN_NON_LITERAL_NULL_CONVERSION = YES;
				CLANG_WARN_OBJC_IMPLICIT_RETAIN_SELF = YES;
				CLANG_WARN_OBJC_LITERAL_CONVERSION = YES;
				CLANG_WARN_OBJC_ROOT_CLASS = YES_ERROR;
				CLANG_WARN_QUOTED_INCLUDE_IN_FRAMEWORK_HEADER = YES;
				CLANG_WARN_RANGE_LOOP_ANALYSIS = YES;
				CLANG_WARN_STRICT_PROTOTYPES = YES;
				CLANG_WARN_SUSPICIOUS_MOVE = YES;
				CLANG_WARN_UNGUARDED_AVAILABILITY = YES_AGGRESSIVE;
				CLANG_WARN_UNREACHABLE_CODE = YES;
				CLANG_WARN__DUPLICATE_METHOD_MATCH = YES;
				COPY_PHASE_STRIP = NO;
				DEBUG_INFORMATION_FORMAT = dwarf;
				ENABLE_STRICT_OBJC_MSGSEND = YES;
				ENABLE_TESTABILITY = YES;
				ENABLE_USER_SCRIPT_SANDBOXING = YES;
				GCC_C_LANGUAGE_STANDARD = gnu17;
				GCC_DYNAMIC_NO_PIC = NO;
				GCC_NO_COMMON_BLOCKS = YES;
				GCC_OPTIMIZATION_LEVEL = 0;
				GCC_PREPROCESSOR_DEFINITIONS = (
					"DEBUG=1",
					"$(inherited)",
				);
				GCC_WARN_64_TO_32_BIT_CONVERSION = YES;
				GCC_WARN_ABOUT_RETURN_TYPE = YES_ERROR;
				GCC_WARN_UNDECLARED_SELECTOR = YES;
				GCC_WARN_UNINITIALIZED_AUTOS = YES_AGGRESSIVE;
				GCC_WARN_UNUSED_FUNCTION = YES;
				GCC_WARN_UNUSED_VARIABLE = YES;
				IPHONEOS_DEPLOYMENT_TARGET = 26.0;
				LOCALIZATION_PREFERS_STRING_CATALOGS = YES;
				MTL_ENABLE_DEBUG_INFO = INCLUDE_SOURCE;
				MTL_FAST_MATH = YES;
				ONLY_ACTIVE_ARCH = YES;
				SDKROOT = iphoneos;
				SWIFT_ACTIVE_COMPILATION_CONDITIONS = "DEBUG $(inherited)";
				SWIFT_OPTIMIZATION_LEVEL = "-Onone";
			};
			name = Debug;
		};
		740F2C212EDD9E5200376232 /* Release */ = {
			isa = XCBuildConfiguration;
			buildSettings = {
				ALWAYS_SEARCH_USER_PATHS = NO;
				ASSETCATALOG_COMPILER_GENERATE_SWIFT_ASSET_SYMBOL_EXTENSIONS = YES;
				CLANG_ANALYZER_NONNULL = YES;
				CLANG_ANALYZER_NUMBER_OBJECT_CONVERSION = YES_AGGRESSIVE;
				CLANG_CXX_LANGUAGE_STANDARD = "gnu++20";
				CLANG_ENABLE_MODULES = YES;
				CLANG_ENABLE_OBJC_ARC = YES;
				CLANG_ENABLE_OBJC_WEAK = YES;
				CLANG_WARN_BLOCK_CAPTURE_AUTORELEASING = YES;
				CLANG_WARN_BOOL_CONVERSION = YES;
				CLANG_WARN_COMMA = YES;
				CLANG_WARN_CONSTANT_CONVERSION = YES;
				CLANG_WARN_DEPRECATED_OBJC_IMPLEMENTATIONS = YES;
				CLANG_WARN_DIRECT_OBJC_ISA_USAGE = YES_ERROR;
				CLANG_WARN_DOCUMENTATION_COMMENTS = YES;
				CLANG_WARN_EMPTY_BODY = YES;
				CLANG_WARN_ENUM_CONVERSION = YES;
				CLANG_WARN_INFINITE_RECURSION = YES;
				CLANG_WARN_INT_CONVERSION = YES;
				CLANG_WARN_NON_LITERAL_NULL_CONVERSION = YES;
				CLANG_WARN_OBJC_IMPLICIT_RETAIN_SELF = YES;
				CLANG_WARN_OBJC_LITERAL_CONVERSION = YES;
				CLANG_WARN_OBJC_ROOT_CLASS = YES_ERROR;
				CLANG_WARN_QUOTED_INCLUDE_IN_FRAMEWORK_HEADER = YES;
				CLANG_WARN_RANGE_LOOP_ANALYSIS = YES;
				CLANG_WARN_STRICT_PROTOTYPES = YES;
				CLANG_WARN_SUSPICIOUS_MOVE = YES;
				CLANG_WARN_UNGUARDED_AVAILABILITY = YES_AGGRESSIVE;
				CLANG_WARN_UNREACHABLE_CODE = YES;
				CLANG_WARN__DUPLICATE_METHOD_MATCH = YES;
				COPY_PHASE_STRIP = NO;
				DEBUG_INFORMATION_FORMAT = "dwarf-with-dsym";
				ENABLE_NS_ASSERTIONS = NO;
				ENABLE_STRICT_OBJC_MSGSEND = YES;
				ENABLE_USER_SCRIPT_SANDBOXING = YES;
				GCC_C_LANGUAGE_STANDARD = gnu17;
				GCC_NO_COMMON_BLOCKS = YES;
				GCC_WARN_64_TO_32_BIT_CONVERSION = YES;
				GCC_WARN_ABOUT_RETURN_TYPE = YES_ERROR;
				GCC_WARN_UNDECLARED_SELECTOR = YES;
				GCC_WARN_UNINITIALIZED_AUTOS = YES_AGGRESSIVE;
				GCC_WARN_UNUSED_FUNCTION = YES;
				GCC_WARN_UNUSED_VARIABLE = YES;
				IPHONEOS_DEPLOYMENT_TARGET = 26.0;
				LOCALIZATION_PREFERS_STRING_CATALOGS = YES;
				MTL_ENABLE_DEBUG_INFO = NO;
				MTL_FAST_MATH = YES;
				SDKROOT = iphoneos;
				SWIFT_COMPILATION_MODE = wholemodule;
				VALIDATE_PRODUCT = YES;
			};
			name = Release;
		};
/* End XCBuildConfiguration section */

/* Begin XCConfigurationList section */
		740F2C052EDD9E5100376232 /* Build configuration list for PBXProject "GalacticRoad" */ = {
			isa = XCConfigurationList;
			buildConfigurations = (
				740F2C202EDD9E5200376232 /* Debug */,
				740F2C212EDD9E5200376232 /* Release */,
			);
			defaultConfigurationIsVisible = 0;
			defaultConfigurationName = Release;
		};
		740F2C1D2EDD9E5200376232 /* Build configuration list for PBXNativeTarget "GalacticRoad" */ = {
			isa = XCConfigurationList;
			buildConfigurations = (
				740F2C1E2EDD9E5200376232 /* Debug */,
				740F2C1F2EDD9E5200376232 /* Release */,
			);
			defaultConfigurationIsVisible = 0;
			defaultConfigurationName = Release;
		};
/* End XCConfigurationList section */
	};
	rootObject = 740F2C022EDD9E5100376232 /* Project object */;
}
